
Microsoft Visual Studio Solution File, Format Version 12.00
# Visual Studio Version 17
VisualStudioVersion = 17.3.32804.467
MinimumVisualStudioVersion = 10.0.40219.1
Project("{FAE04EC0-301F-11D3-BF4B-00C04F79EFBC}") = "MobileTest", "MobileTest\MobileTest.csproj", "{EF223560-D00C-4ACC-A7FA-25FC477FD708}"
EndProject
Global
	GlobalSection(SolutionConfigurationPlatforms) = preSolution
		Debug|Any CPU = Debug|Any CPU
		Release|Any CPU = Release|Any CPU
	EndGlobalSection
	GlobalSection(ProjectConfigurationPlatforms) = postSolution
		{EF223560-D00C-4ACC-A7FA-25FC477FD708}.Debug|Any CPU.ActiveCfg = Debug|Any CPU
		{EF223560-D00C-4ACC-A7FA-25FC477FD708}.Debug|Any CPU.Build.0 = Debug|Any CPU
		{EF223560-D00C-4ACC-A7FA-25FC477FD708}.Release|Any CPU.ActiveCfg = Release|Any CPU
		{EF223560-D00C-4ACC-A7FA-25FC477FD708}.Release|Any CPU.Build.0 = Release|Any CPU
	EndGlobalSection
	GlobalSection(SolutionProperties) = preSolution
		HideSolutionNode = FALSE
	EndGlobalSection
	GlobalSection(ExtensibilityGlobals) = postSolution
		SolutionGuid = {F1B88E48-057A-4D62-8E25-78295A93290E}
	EndGlobalSection
EndGlobal
